<?xml version="1.0" encoding="utf-8"?>
<Project ToolsVersion="4.0" xmlns="http://schemas.microsoft.com/developer/msbuild/2003">
  <ItemGroup>
    <Filter Include="Source Files">
      <UniqueIdentifier>{4FC737F1-C7A5-4376-A066-2A32D752A2FF}</UniqueIdentifier>
      <Extensions>cpp;c;cc;cxx;def;odl;idl;hpj;bat;asm;asmx</Extensions>
    </Filter>
    <Filter Include="Header Files">
      <UniqueIdentifier>{93995380-89BD-4b04-88EB-625FBE52EBFB}</UniqueIdentifier>
      <Extensions>h;hh;hpp;hxx;hm;inl;inc;ipp;xsd</Extensions>
    </Filter>
    <Filter Include="Resource Files">
      <UniqueIdentifier>{67DA6AB6-F800-4c08-8B7A-83BB121AAD01}</UniqueIdentifier>
      <Extensions>rc;ico;cur;bmp;dlg;rc2;rct;bin;rgs;gif;jpg;jpeg;jpe;resx;tiff;tif;png;wav;mfcribbon-ms</Extensions>
    </Filter>
    <Filter Include="Architexture">
      <UniqueIdentifier>{b6153a87-cb92-4a31-baa6-d19a4a880662}</UniqueIdentifier>
    </Filter>
    <Filter Include="Architexture\Header">
      <UniqueIdentifier>{dec8ff64-0b74-4880-a83b-075f34f6f44a}</UniqueIdentifier>
    </Filter>
    <Filter Include="Architexture\Source">
      <UniqueIdentifier>{fb0ef028-db10-4bc1-a09d-f6b7bda42a47}</UniqueIdentifier>
    </Filter>
    <Filter Include="Screens">
      <UniqueIdentifier>{83953144-a38e-4f55-af75-8226f40b821e}</UniqueIdentifier>
    </Filter>
    <Filter Include="Screens\Header">
      <UniqueIdentifier>{7efc643d-e637-4d1a-98bb-5db530790246}</UniqueIdentifier>
    </Filter>
    <Filter Include="Screens\Source">
      <UniqueIdentifier>{2d616fca-d0b9-4a41-a24d-db0f8f6b79f8}</UniqueIdentifier>
    </Filter>
  </ItemGroup>
  <ItemGroup>
    <ClCompile Include="Main.cpp">
      <Filter>Architexture\Source</Filter>
    </ClCompile>
    <ClCompile Include="MapEditor.cpp">
      <Filter>Architexture\Source</Filter>
    </ClCompile>
    <ClCompile Include="Model.cpp">
      <Filter>Architexture\Source</Filter>
    </ClCompile>
    <ClCompile Include="View.cpp">
      <Filter>Architexture\Source</Filter>
    </ClCompile>
    <ClCompile Include="Controller.cpp">
      <Filter>Architexture\Source</Filter>
    </ClCompile>
    <ClCompile Include="SelectionScreen.cpp">
      <Filter>Screens\Source</Filter>
    </ClCompile>
  </ItemGroup>
  <ItemGroup>
    <ClInclude Include="MapEditor.h">
      <Filter>Architexture\Header</Filter>
    </ClInclude>
    <ClInclude Include="Model.h">
      <Filter>Architexture\Header</Filter>
    </ClInclude>
    <ClInclude Include="View.h">
      <Filter>Architexture\Header</Filter>
    </ClInclude>
    <ClInclude Include="Controller.h">
      <Filter>Architexture\Header</Filter>
    </ClInclude>
    <ClInclude Include="Expressions.h">
      <Filter>Header Files</Filter>
    </ClInclude>
    <ClInclude Include="IScreen.h">
      <Filter>Screens\Header</Filter>
    </ClInclude>
    <ClInclude Include="SelectionScreen.h">
      <Filter>Screens\Header</Filter>
    </ClInclude>
    <ClInclude Include="EditorEvent.h">
      <Filter>Header Files</Filter>
    </ClInclude>
  </ItemGroup>
</Project>